{
  "requires": true,
  "lockfileVersion": 1,
  "dependencies": {
    "@angular/cdk": {
      "version": "6.0.1",
      "resolved": "https://registry.npmjs.org/@angular/cdk/-/cdk-6.0.1.tgz",
      "integrity": "sha512-f8WAY/PC4etTWhtPDuu5zRy+5+qUWSnW+6PidfYAHHdVGu+90H8qIKA27VOW/RWk+oZnl2SC2LVg4G7hggio+A==",
      "requires": {
        "tslib": "1.9.0"
      }
    },
    "@angular/flex-layout": {
      "version": "5.0.0-beta.14",
      "resolved": "https://registry.npmjs.org/@angular/flex-layout/-/flex-layout-5.0.0-beta.14.tgz",
      "integrity": "sha512-/fsOqXFUKdCmzzZx0bZ0HCYwcV+BSbVuIgOhaCrZKHj2rqiWKKPgj1ErU3HMT68bBBGag0u0skTdLGtrBorRIA==",
      "requires": {
        "tslib": "1.9.0"
      }
    },
    "jquery": {
      "version": "3.3.1",
      "resolved": "https://registry.npmjs.org/jquery/-/jquery-3.3.1.tgz",
      "integrity": "sha512-Ubldcmxp5np52/ENotGxlLe6aGMvmF4R8S6tZjsP6Knsaxd/xp3Zrh50cG93lR6nPXyUFwzN3ZSOQI0wRJNdGg=="
    },
    "tslib": {
      "version": "1.9.0",
      "resolved": "https://registry.npmjs.org/tslib/-/tslib-1.9.0.tgz",
      "integrity": "sha512-f/qGG2tUkrISBlQZEjEqoZ3B2+npJjIf04H1wuAv9iA8i04Icp+61KRXxFdha22670NJopsZCIjhC3SnjPRKrQ=="
    }
  }
}
