# THIS IS AN AUTOGENERATED FILE. DO NOT EDIT THIS FILE DIRECTLY.
# yarn lockfile v1


"@angular/flex-layout@^5.0.0-beta.14":
  version "5.0.0-beta.14"
  resolved "https://registry.yarnpkg.com/@angular/flex-layout/-/flex-layout-5.0.0-beta.14.tgz#300e1cba2ef1a70f43fe7ea68ea78267cb4241e4"
  dependencies:
    tslib "^1.7.1"

"@angular/platform-browser@^6.0.0":
  version "6.0.0"
  resolved "https://registry.yarnpkg.com/@angular/platform-browser/-/platform-browser-6.0.0.tgz#848b687ea46786483fddcdbbbd17b29c7adcc768"
  dependencies:
    tslib "^1.9.0"

jquery@^3.3.1:
  version "3.3.1"
  resolved "https://registry.yarnpkg.com/jquery/-/jquery-3.3.1.tgz#958ce29e81c9790f31be7792df5d4d95fc57fbca"

tslib@^1.7.1, tslib@^1.9.0:
  version "1.9.0"
  resolved "https://registry.yarnpkg.com/tslib/-/tslib-1.9.0.tgz#e37a86fda8cbbaf23a057f473c9f4dc64e5fc2e8"
